
Microsoft Visual Studio Solution File, Format Version 12.00
# Visual Studio 2013
VisualStudioVersion = 12.0.31101.0
MinimumVisualStudioVersion = 10.0.40219.1
Project("{E24C65DC-7377-472B-9ABA-BC803B73C61A}") = "Movie Entities 1", "http://localhost:49461", "{0DDC440D-8382-42AB-9094-46C5CC61B0A6}"
	ProjectSection(WebsiteProperties) = preProject
		UseIISExpress = "true"
		TargetFrameworkMoniker = ".NETFramework,Version%3Dv4.5"
		Debug.AspNetCompiler.VirtualPath = "/localhost_49461"
		Debug.AspNetCompiler.PhysicalPath = "..\..\..\..\Desktop\Movie Entities 1\"
		Debug.AspNetCompiler.TargetPath = "PrecompiledWeb\localhost_49461\"
		Debug.AspNetCompiler.Updateable = "true"
		Debug.AspNetCompiler.ForceOverwrite = "true"
		Debug.AspNetCompiler.FixedNames = "false"
		Debug.AspNetCompiler.Debug = "True"
		Release.AspNetCompiler.VirtualPath = "/localhost_49461"
		Release.AspNetCompiler.PhysicalPath = "..\..\..\..\Desktop\Movie Entities 1\"
		Release.AspNetCompiler.TargetPath = "PrecompiledWeb\localhost_49461\"
		Release.AspNetCompiler.Updateable = "true"
		Release.AspNetCompiler.ForceOverwrite = "true"
		Release.AspNetCompiler.FixedNames = "false"
		Release.AspNetCompiler.Debug = "False"
		SlnRelativePath = "..\..\..\..\Desktop\Movie Entities 1\"
	EndProjectSection
EndProject
Global
	GlobalSection(SolutionConfigurationPlatforms) = preSolution
		Debug|Any CPU = Debug|Any CPU
	EndGlobalSection
	GlobalSection(ProjectConfigurationPlatforms) = postSolution
		{0DDC440D-8382-42AB-9094-46C5CC61B0A6}.Debug|Any CPU.ActiveCfg = Debug|Any CPU
		{0DDC440D-8382-42AB-9094-46C5CC61B0A6}.Debug|Any CPU.Build.0 = Debug|Any CPU
	EndGlobalSection
	GlobalSection(SolutionProperties) = preSolution
		HideSolutionNode = FALSE
	EndGlobalSection
EndGlobal
